
Microsoft Visual Studio Solution File, Format Version 12.00
# Visual Studio 2012
Project("{FAE04EC0-301F-11D3-BF4B-00C04F79EFBC}") = "Abstract_Class_1", "Abstract_Class_1\Abstract_Class_1.csproj", "{776D17FD-D40C-4A7F-BDE7-89D902827D6B}"
EndProject
Global
	GlobalSection(SolutionConfigurationPlatforms) = preSolution
		Debug|Any CPU = Debug|Any CPU
		Release|Any CPU = Release|Any CPU
	EndGlobalSection
	GlobalSection(ProjectConfigurationPlatforms) = postSolution
		{776D17FD-D40C-4A7F-BDE7-89D902827D6B}.Debug|Any CPU.ActiveCfg = Debug|Any CPU
		{776D17FD-D40C-4A7F-BDE7-89D902827D6B}.Debug|Any CPU.Build.0 = Debug|Any CPU
		{776D17FD-D40C-4A7F-BDE7-89D902827D6B}.Release|Any CPU.ActiveCfg = Release|Any CPU
		{776D17FD-D40C-4A7F-BDE7-89D902827D6B}.Release|Any CPU.Build.0 = Release|Any CPU
	EndGlobalSection
	GlobalSection(SolutionProperties) = preSolution
		HideSolutionNode = FALSE
	EndGlobalSection
EndGlobal
