
Microsoft Visual Studio Solution File, Format Version 12.00
# Visual Studio 2012
Project("{FAE04EC0-301F-11D3-BF4B-00C04F79EFBC}") = "Exception_1", "Exception_1\Exception_1.csproj", "{8CC25B99-BE79-48F4-B29B-C8B22DE761D8}"
EndProject
Global
	GlobalSection(SolutionConfigurationPlatforms) = preSolution
		Debug|Any CPU = Debug|Any CPU
		Release|Any CPU = Release|Any CPU
	EndGlobalSection
	GlobalSection(ProjectConfigurationPlatforms) = postSolution
		{8CC25B99-BE79-48F4-B29B-C8B22DE761D8}.Debug|Any CPU.ActiveCfg = Debug|Any CPU
		{8CC25B99-BE79-48F4-B29B-C8B22DE761D8}.Debug|Any CPU.Build.0 = Debug|Any CPU
		{8CC25B99-BE79-48F4-B29B-C8B22DE761D8}.Release|Any CPU.ActiveCfg = Release|Any CPU
		{8CC25B99-BE79-48F4-B29B-C8B22DE761D8}.Release|Any CPU.Build.0 = Release|Any CPU
	EndGlobalSection
	GlobalSection(SolutionProperties) = preSolution
		HideSolutionNode = FALSE
	EndGlobalSection
EndGlobal
